
Microsoft Visual Studio Solution File, Format Version 12.00
# Visual Studio 2013
VisualStudioVersion = 12.0.31101.0
MinimumVisualStudioVersion = 10.0.40219.1
Project("{FAE04EC0-301F-11D3-BF4B-00C04F79EFBC}") = "EmailToIMClasslibrary", "EmailToIMClasslibrary\EmailToIMClasslibrary.csproj", "{EF479DFB-36D1-4B77-8096-BC6CC0550A96}"
EndProject
Project("{FAE04EC0-301F-11D3-BF4B-00C04F79EFBC}") = "EmailToIM", "EmailToIM.csproj", "{2F2DF186-05DD-4B71-86F0-F91564063816}"
EndProject
Global
	GlobalSection(TeamFoundationVersionControl) = preSolution
		SccNumberOfProjects = 2
		SccEnterpriseProvider = {4CA58AB2-18FA-4F8D-95D4-32DDF27D184C}
		SccTeamFoundationServer = https://tomorgan.visualstudio.com/defaultcollection
		SccProjectUniqueName0 = EmailToIMClasslibrary\\EmailToIMClasslibrary.csproj
		SccProjectName0 = EmailToIMClasslibrary
		SccLocalPath0 = EmailToIMClasslibrary
		SccLocalPath1 = .
	EndGlobalSection
	GlobalSection(SolutionConfigurationPlatforms) = preSolution
		Debug|Any CPU = Debug|Any CPU
		Release|Any CPU = Release|Any CPU
	EndGlobalSection
	GlobalSection(ProjectConfigurationPlatforms) = postSolution
		{EF479DFB-36D1-4B77-8096-BC6CC0550A96}.Debug|Any CPU.ActiveCfg = Debug|Any CPU
		{EF479DFB-36D1-4B77-8096-BC6CC0550A96}.Debug|Any CPU.Build.0 = Debug|Any CPU
		{EF479DFB-36D1-4B77-8096-BC6CC0550A96}.Release|Any CPU.ActiveCfg = Release|Any CPU
		{EF479DFB-36D1-4B77-8096-BC6CC0550A96}.Release|Any CPU.Build.0 = Release|Any CPU
		{2F2DF186-05DD-4B71-86F0-F91564063816}.Debug|Any CPU.ActiveCfg = Debug|Any CPU
		{2F2DF186-05DD-4B71-86F0-F91564063816}.Debug|Any CPU.Build.0 = Debug|Any CPU
		{2F2DF186-05DD-4B71-86F0-F91564063816}.Release|Any CPU.ActiveCfg = Release|Any CPU
		{2F2DF186-05DD-4B71-86F0-F91564063816}.Release|Any CPU.Build.0 = Release|Any CPU
	EndGlobalSection
	GlobalSection(SolutionProperties) = preSolution
		HideSolutionNode = FALSE
	EndGlobalSection
EndGlobal
